
Microsoft Visual Studio Solution File, Format Version 12.00
# Visual Studio Version 16
VisualStudioVersion = 16.0.30320.27
MinimumVisualStudioVersion = 10.0.40219.1
Project("{FAE04EC0-301F-11D3-BF4B-00C04F79EFBC}") = "WeatherForecast", "WeatherForecast\WeatherForecast.csproj", "{F2C9FE83-5E77-47BB-9C40-E1A6C4F8C135}"
EndProject
Global
	GlobalSection(SolutionConfigurationPlatforms) = preSolution
		Debug|Any CPU = Debug|Any CPU
		Release|Any CPU = Release|Any CPU
	EndGlobalSection
	GlobalSection(ProjectConfigurationPlatforms) = postSolution
		{F2C9FE83-5E77-47BB-9C40-E1A6C4F8C135}.Debug|Any CPU.ActiveCfg = Debug|Any CPU
		{F2C9FE83-5E77-47BB-9C40-E1A6C4F8C135}.Debug|Any CPU.Build.0 = Debug|Any CPU
		{F2C9FE83-5E77-47BB-9C40-E1A6C4F8C135}.Release|Any CPU.ActiveCfg = Release|Any CPU
		{F2C9FE83-5E77-47BB-9C40-E1A6C4F8C135}.Release|Any CPU.Build.0 = Release|Any CPU
	EndGlobalSection
	GlobalSection(SolutionProperties) = preSolution
		HideSolutionNode = FALSE
	EndGlobalSection
	GlobalSection(ExtensibilityGlobals) = postSolution
		SolutionGuid = {B29AD77E-2926-4FAD-8750-CD98F2F69F27}
	EndGlobalSection
EndGlobal
